{
    "_meta": {
        "hash": {
            "sha256": "897a9a45242dd51fb518350a0064346df9bb611974d3f2756f4751ce084e7075"
        },
        "pipfile-spec": 6,
        "requires": {
            "python_version": "*"
        },
        "sources": [
            {
                "name": "pypi",
                "url": "https://pypi.org/simple",
                "verify_ssl": true
            }
        ]
    },
    "default": {},
    "develop": {}
}
